
Microsoft Visual Studio Solution File, Format Version 12.00
# Visual Studio Version 17
VisualStudioVersion = 17.13.35913.81
MinimumVisualStudioVersion = 10.0.40219.1
Project("{F184B08F-C81C-45F6-A57F-5ABD9991F28F}") = "Grading System ACT", "Grading System ACT\Grading System ACT.vbproj", "{99F8D232-075F-47D4-B14F-9786A151F5CF}"
EndProject
Project("{54435603-DBB4-11D2-8724-00A0C9A8B90C}") = "Grading System", "Grading System\Grading System.vdproj", "{78EAC263-F555-2525-6F4F-A41DDD9BA717}"
EndProject
Global
	GlobalSection(SolutionConfigurationPlatforms) = preSolution
		Debug|Any CPU = Debug|Any CPU
		Release|Any CPU = Release|Any CPU
	EndGlobalSection
	GlobalSection(ProjectConfigurationPlatforms) = postSolution
		{99F8D232-075F-47D4-B14F-9786A151F5CF}.Debug|Any CPU.ActiveCfg = Debug|Any CPU
		{99F8D232-075F-47D4-B14F-9786A151F5CF}.Debug|Any CPU.Build.0 = Debug|Any CPU
		{99F8D232-075F-47D4-B14F-9786A151F5CF}.Release|Any CPU.ActiveCfg = Release|Any CPU
		{99F8D232-075F-47D4-B14F-9786A151F5CF}.Release|Any CPU.Build.0 = Release|Any CPU
		{78EAC263-F555-2525-6F4F-A41DDD9BA717}.Debug|Any CPU.ActiveCfg = Debug
		{78EAC263-F555-2525-6F4F-A41DDD9BA717}.Release|Any CPU.ActiveCfg = Release
	EndGlobalSection
	GlobalSection(SolutionProperties) = preSolution
		HideSolutionNode = FALSE
	EndGlobalSection
	GlobalSection(ExtensibilityGlobals) = postSolution
		SolutionGuid = {5E661CA3-9FAF-45EC-8B4C-0375F0FE89BF}
	EndGlobalSection
EndGlobal
